
Microsoft Visual Studio Solution File, Format Version 12.00
# Visual Studio Version 16
VisualStudioVersion = 16.0.31729.503
MinimumVisualStudioVersion = 10.0.40219.1
Project("{FAE04EC0-301F-11D3-BF4B-00C04F79EFBC}") = "SumOfSquares", "SumOfSquares\SumOfSquares.csproj", "{B914DE18-2161-4393-90EA-D77816A77937}"
EndProject
Global
	GlobalSection(SolutionConfigurationPlatforms) = preSolution
		Debug|Any CPU = Debug|Any CPU
		Release|Any CPU = Release|Any CPU
	EndGlobalSection
	GlobalSection(ProjectConfigurationPlatforms) = postSolution
		{B914DE18-2161-4393-90EA-D77816A77937}.Debug|Any CPU.ActiveCfg = Debug|Any CPU
		{B914DE18-2161-4393-90EA-D77816A77937}.Debug|Any CPU.Build.0 = Debug|Any CPU
		{B914DE18-2161-4393-90EA-D77816A77937}.Release|Any CPU.ActiveCfg = Release|Any CPU
		{B914DE18-2161-4393-90EA-D77816A77937}.Release|Any CPU.Build.0 = Release|Any CPU
	EndGlobalSection
	GlobalSection(SolutionProperties) = preSolution
		HideSolutionNode = FALSE
	EndGlobalSection
	GlobalSection(ExtensibilityGlobals) = postSolution
		SolutionGuid = {30D155F9-C8EE-480F-A4C8-94AF976FC858}
	EndGlobalSection
EndGlobal
